
Microsoft Visual Studio Solution File, Format Version 12.00
# Visual Studio Version 17
VisualStudioVersion = 17.12.35707.178
MinimumVisualStudioVersion = 10.0.40219.1
Project("{E53339B2-1760-4266-BCC7-CA923CBCF16C}") = "docker-compose", "docker-compose.dcproj", "{88D13D12-415A-4EE3-84D0-1520811F3AF8}"
EndProject
Project("{2150E333-8FDC-42A3-9474-1A3956D46DE8}") = "src", "src", "{A88748E3-32F0-49BB-9BAC-BF664FDF3C94}"
EndProject
Project("{2150E333-8FDC-42A3-9474-1A3956D46DE8}") = "BuildingBlocks", "BuildingBlocks", "{247DAA14-BAEE-402F-83E9-807DB4988E35}"
EndProject
Project("{2150E333-8FDC-42A3-9474-1A3956D46DE8}") = "Services", "Services", "{2FA5489D-9883-47F8-AF17-CAEAAB2476F4}"
EndProject
Project("{FAE04EC0-301F-11D3-BF4B-00C04F79EFBC}") = "Template.Api", "src\Services\Template.Api\Template.Api.csproj", "{26161C06-4F6E-4C9C-A58C-0E458C644ED0}"
EndProject
Project("{FAE04EC0-301F-11D3-BF4B-00C04F79EFBC}") = "HttpClient.Logger.Custom", "src\BuildingBlocks\HttpClient.Logger.Custom\HttpClient.Logger.Custom.csproj", "{CF68C75C-EAC9-4A34-99A2-06BCB394C03E}"
EndProject
Project("{2150E333-8FDC-42A3-9474-1A3956D46DE8}") = "Solution Items", "Solution Items", "{02EA681E-C7D8-13C7-8484-4AC65E1B71E8}"
	ProjectSection(SolutionItems) = preProject
		.editorconfig = .editorconfig
		Directory.Build.props = Directory.Build.props
		Directory.Packages.props = Directory.Packages.props
		SonarLint.xml = SonarLint.xml
	EndProjectSection
EndProject
Project("{FAE04EC0-301F-11D3-BF4B-00C04F79EFBC}") = "ThrowHelper.Debug", "src\BuildingBlocks\ThrowHelper.Debug\ThrowHelper.Debug.csproj", "{514CB517-5104-4280-BFAD-57CC1D8D6C20}"
EndProject
Global
	GlobalSection(SolutionConfigurationPlatforms) = preSolution
		Debug|Any CPU = Debug|Any CPU
		Release|Any CPU = Release|Any CPU
	EndGlobalSection
	GlobalSection(ProjectConfigurationPlatforms) = postSolution
		{88D13D12-415A-4EE3-84D0-1520811F3AF8}.Debug|Any CPU.ActiveCfg = Debug|Any CPU
		{88D13D12-415A-4EE3-84D0-1520811F3AF8}.Debug|Any CPU.Build.0 = Debug|Any CPU
		{88D13D12-415A-4EE3-84D0-1520811F3AF8}.Release|Any CPU.ActiveCfg = Release|Any CPU
		{88D13D12-415A-4EE3-84D0-1520811F3AF8}.Release|Any CPU.Build.0 = Release|Any CPU
		{26161C06-4F6E-4C9C-A58C-0E458C644ED0}.Debug|Any CPU.ActiveCfg = Debug|Any CPU
		{26161C06-4F6E-4C9C-A58C-0E458C644ED0}.Debug|Any CPU.Build.0 = Debug|Any CPU
		{26161C06-4F6E-4C9C-A58C-0E458C644ED0}.Release|Any CPU.ActiveCfg = Release|Any CPU
		{26161C06-4F6E-4C9C-A58C-0E458C644ED0}.Release|Any CPU.Build.0 = Release|Any CPU
		{CF68C75C-EAC9-4A34-99A2-06BCB394C03E}.Debug|Any CPU.ActiveCfg = Debug|Any CPU
		{CF68C75C-EAC9-4A34-99A2-06BCB394C03E}.Debug|Any CPU.Build.0 = Debug|Any CPU
		{CF68C75C-EAC9-4A34-99A2-06BCB394C03E}.Release|Any CPU.ActiveCfg = Release|Any CPU
		{CF68C75C-EAC9-4A34-99A2-06BCB394C03E}.Release|Any CPU.Build.0 = Release|Any CPU
		{514CB517-5104-4280-BFAD-57CC1D8D6C20}.Debug|Any CPU.ActiveCfg = Debug|Any CPU
		{514CB517-5104-4280-BFAD-57CC1D8D6C20}.Debug|Any CPU.Build.0 = Debug|Any CPU
		{514CB517-5104-4280-BFAD-57CC1D8D6C20}.Release|Any CPU.ActiveCfg = Release|Any CPU
		{514CB517-5104-4280-BFAD-57CC1D8D6C20}.Release|Any CPU.Build.0 = Release|Any CPU
	EndGlobalSection
	GlobalSection(SolutionProperties) = preSolution
		HideSolutionNode = FALSE
	EndGlobalSection
	GlobalSection(NestedProjects) = preSolution
		{247DAA14-BAEE-402F-83E9-807DB4988E35} = {A88748E3-32F0-49BB-9BAC-BF664FDF3C94}
		{2FA5489D-9883-47F8-AF17-CAEAAB2476F4} = {A88748E3-32F0-49BB-9BAC-BF664FDF3C94}
		{26161C06-4F6E-4C9C-A58C-0E458C644ED0} = {2FA5489D-9883-47F8-AF17-CAEAAB2476F4}
		{CF68C75C-EAC9-4A34-99A2-06BCB394C03E} = {247DAA14-BAEE-402F-83E9-807DB4988E35}
		{514CB517-5104-4280-BFAD-57CC1D8D6C20} = {247DAA14-BAEE-402F-83E9-807DB4988E35}
	EndGlobalSection
	GlobalSection(ExtensibilityGlobals) = postSolution
		SolutionGuid = {669FB930-2916-44B4-8EC2-5D681821F3F0}
	EndGlobalSection
EndGlobal
